// !$*UTF8*$!
{
	archiveVersion = 1;
	classes = {
	};
	objectVersion = 50;
	objects = {

/* Begin PBXBuildFile section */
		4413640072A8C2AD6D678C0B /* Pods_Project2.framework in Frameworks */ = {isa = PBXBuildFile; fileRef = B4909F2DFFA46B40244B1F66 /* Pods_Project2.framework */; };
		BF1FB4AE2129A8B00022693C /* GoogleService-Info.plist in Resources */ = {isa = PBXBuildFile; fileRef = BF1FB4AD2129A8B00022693C /* GoogleService-Info.plist */; };
		BF1FB4B72129AEFF0022693C /* SendImageViewController.swift in Sources */ = {isa = PBXBuildFile; fileRef = BF1FB4B62129AEFF0022693C /* SendImageViewController.swift */; };
		BF1FB4B92129B7A00022693C /* TabBarController.swift in Sources */ = {isa = PBXBuildFile; fileRef = BF1FB4B82129B7A00022693C /* TabBarController.swift */; };
		BF1FB4BE2129BCAF0022693C /* HomeCollectionViewCell.swift in Sources */ = {isa = PBXBuildFile; fileRef = BF1FB4BD2129BCAF0022693C /* HomeCollectionViewCell.swift */; };
		BF1FB4C22129BD770022693C /* HomeViewController.swift in Sources */ = {isa = PBXBuildFile; fileRef = BF1FB4C12129BD770022693C /* HomeViewController.swift */; };
		BF1FB4FF212BDBA10022693C /* UserViewController.swift in Sources */ = {isa = PBXBuildFile; fileRef = BF1FB4FE212BDBA10022693C /* UserViewController.swift */; };
		BF1FB502212BDBFA0022693C /* UserTableViewCell.swift in Sources */ = {isa = PBXBuildFile; fileRef = BF1FB501212BDBFA0022693C /* UserTableViewCell.swift */; };
		BF1FB504212BDC2A0022693C /* UserTableViewCell.xib in Resources */ = {isa = PBXBuildFile; fileRef = BF1FB503212BDC2A0022693C /* UserTableViewCell.xib */; };
		BF1FB506212BE5DA0022693C /* LoadImage.swift in Sources */ = {isa = PBXBuildFile; fileRef = BF1FB505212BE5DA0022693C /* LoadImage.swift */; };
		BF81FA3C211EE1350030FABF /* CameraModel.swift in Sources */ = {isa = PBXBuildFile; fileRef = BF81FA3B211EE1350030FABF /* CameraModel.swift */; };
		BF81FA3F211EE1670030FABF /* CameraViewController.swift in Sources */ = {isa = PBXBuildFile; fileRef = BF81FA3E211EE1670030FABF /* CameraViewController.swift */; };
		BFB6E497211BF9B400404C2E /* AppDelegate.swift in Sources */ = {isa = PBXBuildFile; fileRef = BFB6E496211BF9B400404C2E /* AppDelegate.swift */; };
		BFB6E49C211BF9B400404C2E /* Camera.storyboard in Resources */ = {isa = PBXBuildFile; fileRef = BFB6E49A211BF9B400404C2E /* Camera.storyboard */; };
		BFB6E49F211BF9B400404C2E /* Project2.xcdatamodeld in Sources */ = {isa = PBXBuildFile; fileRef = BFB6E49D211BF9B400404C2E /* Project2.xcdatamodeld */; };
		BFB6E4A1211BF9B900404C2E /* Assets.xcassets in Resources */ = {isa = PBXBuildFile; fileRef = BFB6E4A0211BF9B900404C2E /* Assets.xcassets */; };
		BFB6E4A4211BF9B900404C2E /* LaunchScreen.storyboard in Resources */ = {isa = PBXBuildFile; fileRef = BFB6E4A2211BF9B900404C2E /* LaunchScreen.storyboard */; };
/* End PBXBuildFile section */

/* Begin PBXFileReference section */
		8C5BACB3296E1C76FAD21DEC /* Pods-Project2.debug.xcconfig */ = {isa = PBXFileReference; includeInIndex = 1; lastKnownFileType = text.xcconfig; name = "Pods-Project2.debug.xcconfig"; path = "Pods/Target Support Files/Pods-Project2/Pods-Project2.debug.xcconfig"; sourceTree = "<group>"; };
		B4909F2DFFA46B40244B1F66 /* Pods_Project2.framework */ = {isa = PBXFileReference; explicitFileType = wrapper.framework; includeInIndex = 0; path = Pods_Project2.framework; sourceTree = BUILT_PRODUCTS_DIR; };
		BF1FB4AD2129A8B00022693C /* GoogleService-Info.plist */ = {isa = PBXFileReference; fileEncoding = 4; lastKnownFileType = text.plist.xml; path = "GoogleService-Info.plist"; sourceTree = "<group>"; };
		BF1FB4B62129AEFF0022693C /* SendImageViewController.swift */ = {isa = PBXFileReference; lastKnownFileType = sourcecode.swift; path = SendImageViewController.swift; sourceTree = "<group>"; };
		BF1FB4B82129B7A00022693C /* TabBarController.swift */ = {isa = PBXFileReference; lastKnownFileType = sourcecode.swift; path = TabBarController.swift; sourceTree = "<group>"; };
		BF1FB4BD2129BCAF0022693C /* HomeCollectionViewCell.swift */ = {isa = PBXFileReference; lastKnownFileType = sourcecode.swift; path = HomeCollectionViewCell.swift; sourceTree = "<group>"; };
		BF1FB4C12129BD770022693C /* HomeViewController.swift */ = {isa = PBXFileReference; lastKnownFileType = sourcecode.swift; path = HomeViewController.swift; sourceTree = "<group>"; };
		BF1FB4FE212BDBA10022693C /* UserViewController.swift */ = {isa = PBXFileReference; lastKnownFileType = sourcecode.swift; path = UserViewController.swift; sourceTree = "<group>"; };
		BF1FB501212BDBFA0022693C /* UserTableViewCell.swift */ = {isa = PBXFileReference; lastKnownFileType = sourcecode.swift; path = UserTableViewCell.swift; sourceTree = "<group>"; };
		BF1FB503212BDC2A0022693C /* UserTableViewCell.xib */ = {isa = PBXFileReference; lastKnownFileType = file.xib; path = UserTableViewCell.xib; sourceTree = "<group>"; };
		BF1FB505212BE5DA0022693C /* LoadImage.swift */ = {isa = PBXFileReference; lastKnownFileType = sourcecode.swift; path = LoadImage.swift; sourceTree = "<group>"; };
		BF81FA3B211EE1350030FABF /* CameraModel.swift */ = {isa = PBXFileReference; lastKnownFileType = sourcecode.swift; path = CameraModel.swift; sourceTree = "<group>"; };
		BF81FA3E211EE1670030FABF /* CameraViewController.swift */ = {isa = PBXFileReference; lastKnownFileType = sourcecode.swift; path = CameraViewController.swift; sourceTree = "<group>"; };
		BFB6E493211BF9B400404C2E /* Project2.app */ = {isa = PBXFileReference; explicitFileType = wrapper.application; includeInIndex = 0; path = Project2.app; sourceTree = BUILT_PRODUCTS_DIR; };
		BFB6E496211BF9B400404C2E /* AppDelegate.swift */ = {isa = PBXFileReference; lastKnownFileType = sourcecode.swift; path = AppDelegate.swift; sourceTree = "<group>"; };
		BFB6E49B211BF9B400404C2E /* Base */ = {isa = PBXFileReference; lastKnownFileType = file.storyboard; name = Base; path = Base.lproj/Camera.storyboard; sourceTree = "<group>"; };
		BFB6E49E211BF9B400404C2E /* Project2.xcdatamodel */ = {isa = PBXFileReference; lastKnownFileType = wrapper.xcdatamodel; path = Project2.xcdatamodel; sourceTree = "<group>"; };
		BFB6E4A0211BF9B900404C2E /* Assets.xcassets */ = {isa = PBXFileReference; lastKnownFileType = folder.assetcatalog; path = Assets.xcassets; sourceTree = "<group>"; };
		BFB6E4A3211BF9B900404C2E /* Base */ = {isa = PBXFileReference; lastKnownFileType = file.storyboard; name = Base; path = Base.lproj/LaunchScreen.storyboard; sourceTree = "<group>"; };
		BFB6E4A5211BF9B900404C2E /* Info.plist */ = {isa = PBXFileReference; lastKnownFileType = text.plist.xml; path = Info.plist; sourceTree = "<group>"; };
		FBE29137E3E4D97876435CF3 /* Pods-Project2.release.xcconfig */ = {isa = PBXFileReference; includeInIndex = 1; lastKnownFileType = text.xcconfig; name = "Pods-Project2.release.xcconfig"; path = "Pods/Target Support Files/Pods-Project2/Pods-Project2.release.xcconfig"; sourceTree = "<group>"; };
/* End PBXFileReference section */

/* Begin PBXFrameworksBuildPhase section */
		BFB6E490211BF9B300404C2E /* Frameworks */ = {
			isa = PBXFrameworksBuildPhase;
			buildActionMask = 2147483647;
			files = (
				4413640072A8C2AD6D678C0B /* Pods_Project2.framework in Frameworks */,
			);
			runOnlyForDeploymentPostprocessing = 0;
		};
/* End PBXFrameworksBuildPhase section */

/* Begin PBXGroup section */
		56CC6670F86D2DF4952ECD02 /* Frameworks */ = {
			isa = PBXGroup;
			children = (
				B4909F2DFFA46B40244B1F66 /* Pods_Project2.framework */,
			);
			name = Frameworks;
			sourceTree = "<group>";
		};
		BF1FB4B12129AD6D0022693C /* Camera */ = {
			isa = PBXGroup;
			children = (
				BF81FA3A211EC95D0030FABF /* CameraModel */,
				BF81FA3D211EE1420030FABF /* CameraController */,
				BF81FA39211EC94D0030FABF /* View */,
			);
			path = Camera;
			sourceTree = "<group>";
		};
		BF1FB4B22129AE1A0022693C /* SendImage */ = {
			isa = PBXGroup;
			children = (
				BF1FB4B42129AEBF0022693C /* SendController */,
			);
			path = SendImage;
			sourceTree = "<group>";
		};
		BF1FB4B42129AEBF0022693C /* SendController */ = {
			isa = PBXGroup;
			children = (
				BF1FB4B62129AEFF0022693C /* SendImageViewController.swift */,
			);
			path = SendController;
			sourceTree = "<group>";
		};
		BF1FB4BA2129BC630022693C /* Home */ = {
			isa = PBXGroup;
			children = (
				BF1FB4BC2129BC800022693C /* HomeCollectionCell */,
				BF1FB4BB2129BC6C0022693C /* HomeCollevtionView */,
			);
			path = Home;
			sourceTree = "<group>";
		};
		BF1FB4BB2129BC6C0022693C /* HomeCollevtionView */ = {
			isa = PBXGroup;
			children = (
				BF1FB4C12129BD770022693C /* HomeViewController.swift */,
			);
			path = HomeCollevtionView;
			sourceTree = "<group>";
		};
		BF1FB4BC2129BC800022693C /* HomeCollectionCell */ = {
			isa = PBXGroup;
			children = (
				BF1FB4BD2129BCAF0022693C /* HomeCollectionViewCell.swift */,
			);
			path = HomeCollectionCell;
			sourceTree = "<group>";
		};
		BF1FB4C3212A9CF70022693C /* User */ = {
			isa = PBXGroup;
			children = (
				BF1FB505212BE5DA0022693C /* LoadImage.swift */,
				BF1FB500212BDBB80022693C /* UserTableViewCell */,
				BF1FB4C4212A9D180022693C /* UserVC */,
			);
			path = User;
			sourceTree = "<group>";
		};
		BF1FB4C4212A9D180022693C /* UserVC */ = {
			isa = PBXGroup;
			children = (
				BF1FB4FE212BDBA10022693C /* UserViewController.swift */,
			);
			path = UserVC;
			sourceTree = "<group>";
		};
		BF1FB500212BDBB80022693C /* UserTableViewCell */ = {
			isa = PBXGroup;
			children = (
				BF1FB501212BDBFA0022693C /* UserTableViewCell.swift */,
				BF1FB503212BDC2A0022693C /* UserTableViewCell.xib */,
			);
			path = UserTableViewCell;
			sourceTree = "<group>";
		};
		BF81FA39211EC94D0030FABF /* View */ = {
			isa = PBXGroup;
			children = (
				BFB6E49A211BF9B400404C2E /* Camera.storyboard */,
			);
			path = View;
			sourceTree = "<group>";
		};
		BF81FA3A211EC95D0030FABF /* CameraModel */ = {
			isa = PBXGroup;
			children = (
				BF81FA3B211EE1350030FABF /* CameraModel.swift */,
			);
			path = CameraModel;
			sourceTree = "<group>";
		};
		BF81FA3D211EE1420030FABF /* CameraController */ = {
			isa = PBXGroup;
			children = (
				BF81FA3E211EE1670030FABF /* CameraViewController.swift */,
			);
			name = CameraController;
			path = Project2/Camera/CameraModel;
			sourceTree = SOURCE_ROOT;
		};
		BFB6E48A211BF9B300404C2E = {
			isa = PBXGroup;
			children = (
				BFB6E495211BF9B400404C2E /* Project2 */,
				BFB6E494211BF9B400404C2E /* Products */,
				DA558CE56B6F0FF1D0164B63 /* Pods */,
				56CC6670F86D2DF4952ECD02 /* Frameworks */,
			);
			sourceTree = "<group>";
		};
		BFB6E494211BF9B400404C2E /* Products */ = {
			isa = PBXGroup;
			children = (
				BFB6E493211BF9B400404C2E /* Project2.app */,
			);
			name = Products;
			sourceTree = "<group>";
		};
		BFB6E495211BF9B400404C2E /* Project2 */ = {
			isa = PBXGroup;
			children = (
				BFB6E496211BF9B400404C2E /* AppDelegate.swift */,
				BF1FB4B82129B7A00022693C /* TabBarController.swift */,
				BF1FB4BA2129BC630022693C /* Home */,
				BF1FB4C3212A9CF70022693C /* User */,
				BF1FB4B12129AD6D0022693C /* Camera */,
				BF1FB4B22129AE1A0022693C /* SendImage */,
				BFB6E4A0211BF9B900404C2E /* Assets.xcassets */,
				BFB6E4A2211BF9B900404C2E /* LaunchScreen.storyboard */,
				BFB6E4A5211BF9B900404C2E /* Info.plist */,
				BF1FB4AD2129A8B00022693C /* GoogleService-Info.plist */,
				BFB6E49D211BF9B400404C2E /* Project2.xcdatamodeld */,
			);
			path = Project2;
			sourceTree = "<group>";
		};
		DA558CE56B6F0FF1D0164B63 /* Pods */ = {
			isa = PBXGroup;
			children = (
				8C5BACB3296E1C76FAD21DEC /* Pods-Project2.debug.xcconfig */,
				FBE29137E3E4D97876435CF3 /* Pods-Project2.release.xcconfig */,
			);
			name = Pods;
			sourceTree = "<group>";
		};
/* End PBXGroup section */

/* Begin PBXNativeTarget section */
		BFB6E492211BF9B300404C2E /* Project2 */ = {
			isa = PBXNativeTarget;
			buildConfigurationList = BFB6E4A8211BF9B900404C2E /* Build configuration list for PBXNativeTarget "Project2" */;
			buildPhases = (
				578B2A91135D4730487BAB04 /* [CP] Check Pods Manifest.lock */,
				BFB6E48F211BF9B300404C2E /* Sources */,
				BFB6E490211BF9B300404C2E /* Frameworks */,
				BFB6E491211BF9B300404C2E /* Resources */,
				BFB6E4AB211C037B00404C2E /* ShellScript */,
				D7EACB3444012DE83BF5CC15 /* [CP] Embed Pods Frameworks */,
			);
			buildRules = (
			);
			dependencies = (
			);
			name = Project2;
			productName = Project2;
			productReference = BFB6E493211BF9B400404C2E /* Project2.app */;
			productType = "com.apple.product-type.application";
		};
/* End PBXNativeTarget section */

/* Begin PBXProject section */
		BFB6E48B211BF9B300404C2E /* Project object */ = {
			isa = PBXProject;
			attributes = {
				LastSwiftUpdateCheck = 0940;
				LastUpgradeCheck = 0940;
				ORGANIZATIONNAME = "chang-che-wei";
				TargetAttributes = {
					BFB6E492211BF9B300404C2E = {
						CreatedOnToolsVersion = 9.4.1;
					};
				};
			};
			buildConfigurationList = BFB6E48E211BF9B300404C2E /* Build configuration list for PBXProject "Project2" */;
			compatibilityVersion = "Xcode 9.3";
			developmentRegion = en;
			hasScannedForEncodings = 0;
			knownRegions = (
				en,
				Base,
			);
			mainGroup = BFB6E48A211BF9B300404C2E;
			productRefGroup = BFB6E494211BF9B400404C2E /* Products */;
			projectDirPath = "";
			projectRoot = "";
			targets = (
				BFB6E492211BF9B300404C2E /* Project2 */,
			);
		};
/* End PBXProject section */

/* Begin PBXResourcesBuildPhase section */
		BFB6E491211BF9B300404C2E /* Resources */ = {
			isa = PBXResourcesBuildPhase;
			buildActionMask = 2147483647;
			files = (
				BF1FB504212BDC2A0022693C /* UserTableViewCell.xib in Resources */,
				BFB6E4A4211BF9B900404C2E /* LaunchScreen.storyboard in Resources */,
				BF1FB4AE2129A8B00022693C /* GoogleService-Info.plist in Resources */,
				BFB6E4A1211BF9B900404C2E /* Assets.xcassets in Resources */,
				BFB6E49C211BF9B400404C2E /* Camera.storyboard in Resources */,
			);
			runOnlyForDeploymentPostprocessing = 0;
		};
/* End PBXResourcesBuildPhase section */

/* Begin PBXShellScriptBuildPhase section */
		578B2A91135D4730487BAB04 /* [CP] Check Pods Manifest.lock */ = {
			isa = PBXShellScriptBuildPhase;
			buildActionMask = 2147483647;
			files = (
			);
			inputPaths = (
				"${PODS_PODFILE_DIR_PATH}/Podfile.lock",
				"${PODS_ROOT}/Manifest.lock",
			);
			name = "[CP] Check Pods Manifest.lock";
			outputPaths = (
				"$(DERIVED_FILE_DIR)/Pods-Project2-checkManifestLockResult.txt",
			);
			runOnlyForDeploymentPostprocessing = 0;
			shellPath = /bin/sh;
			shellScript = "diff \"${PODS_PODFILE_DIR_PATH}/Podfile.lock\" \"${PODS_ROOT}/Manifest.lock\" > /dev/null\nif [ $? != 0 ] ; then\n    # print error to STDERR\n    echo \"error: The sandbox is not in sync with the Podfile.lock. Run 'pod install' or update your CocoaPods installation.\" >&2\n    exit 1\nfi\n# This output is used by Xcode 'outputs' to avoid re-running this script phase.\necho \"SUCCESS\" > \"${SCRIPT_OUTPUT_FILE_0}\"\n";
			showEnvVarsInLog = 0;
		};
		BFB6E4AB211C037B00404C2E /* ShellScript */ = {
			isa = PBXShellScriptBuildPhase;
			buildActionMask = 2147483647;
			files = (
			);
			inputPaths = (
			);
			outputPaths = (
			);
			runOnlyForDeploymentPostprocessing = 0;
			shellPath = /bin/sh;
			shellScript = "if which swiftlint >/dev/null; then\n    swiftlint\nelse\n    echo \"warning: SwiftLint not installed, download from https://github.com/realm/SwiftLint\"\nfi";
		};
		D7EACB3444012DE83BF5CC15 /* [CP] Embed Pods Frameworks */ = {
			isa = PBXShellScriptBuildPhase;
			buildActionMask = 2147483647;
			files = (
			);
			inputPaths = (
				"${SRCROOT}/Pods/Target Support Files/Pods-Project2/Pods-Project2-frameworks.sh",
				"${BUILT_PRODUCTS_DIR}/GTMSessionFetcher/GTMSessionFetcher.framework",
				"${BUILT_PRODUCTS_DIR}/GoogleToolboxForMac/GoogleToolboxForMac.framework",
				"${BUILT_PRODUCTS_DIR}/Sharaku/Sharaku.framework",
				"${BUILT_PRODUCTS_DIR}/leveldb-library/leveldb.framework",
				"${BUILT_PRODUCTS_DIR}/nanopb/nanopb.framework",
			);
			name = "[CP] Embed Pods Frameworks";
			outputPaths = (
				"${TARGET_BUILD_DIR}/${FRAMEWORKS_FOLDER_PATH}/GTMSessionFetcher.framework",
				"${TARGET_BUILD_DIR}/${FRAMEWORKS_FOLDER_PATH}/GoogleToolboxForMac.framework",
				"${TARGET_BUILD_DIR}/${FRAMEWORKS_FOLDER_PATH}/Sharaku.framework",
				"${TARGET_BUILD_DIR}/${FRAMEWORKS_FOLDER_PATH}/leveldb.framework",
				"${TARGET_BUILD_DIR}/${FRAMEWORKS_FOLDER_PATH}/nanopb.framework",
			);
			runOnlyForDeploymentPostprocessing = 0;
			shellPath = /bin/sh;
			shellScript = "\"${SRCROOT}/Pods/Target Support Files/Pods-Project2/Pods-Project2-frameworks.sh\"\n";
			showEnvVarsInLog = 0;
		};
/* End PBXShellScriptBuildPhase section */

/* Begin PBXSourcesBuildPhase section */
		BFB6E48F211BF9B300404C2E /* Sources */ = {
			isa = PBXSourcesBuildPhase;
			buildActionMask = 2147483647;
			files = (
				BF1FB4BE2129BCAF0022693C /* HomeCollectionViewCell.swift in Sources */,
				BF1FB4FF212BDBA10022693C /* UserViewController.swift in Sources */,
				BFB6E497211BF9B400404C2E /* AppDelegate.swift in Sources */,
				BF81FA3F211EE1670030FABF /* CameraViewController.swift in Sources */,
				BF1FB502212BDBFA0022693C /* UserTableViewCell.swift in Sources */,
				BF1FB4C22129BD770022693C /* HomeViewController.swift in Sources */,
				BFB6E49F211BF9B400404C2E /* Project2.xcdatamodeld in Sources */,
				BF1FB506212BE5DA0022693C /* LoadImage.swift in Sources */,
				BF1FB4B92129B7A00022693C /* TabBarController.swift in Sources */,
				BF81FA3C211EE1350030FABF /* CameraModel.swift in Sources */,
				BF1FB4B72129AEFF0022693C /* SendImageViewController.swift in Sources */,
			);
			runOnlyForDeploymentPostprocessing = 0;
		};
/* End PBXSourcesBuildPhase section */

/* Begin PBXVariantGroup section */
		BFB6E49A211BF9B400404C2E /* Camera.storyboard */ = {
			isa = PBXVariantGroup;
			children = (
				BFB6E49B211BF9B400404C2E /* Base */,
			);
			name = Camera.storyboard;
			sourceTree = "<group>";
		};
		BFB6E4A2211BF9B900404C2E /* LaunchScreen.storyboard */ = {
			isa = PBXVariantGroup;
			children = (
				BFB6E4A3211BF9B900404C2E /* Base */,
			);
			name = LaunchScreen.storyboard;
			sourceTree = "<group>";
		};
/* End PBXVariantGroup section */

/* Begin XCBuildConfiguration section */
		BFB6E4A6211BF9B900404C2E /* Debug */ = {
			isa = XCBuildConfiguration;
			buildSettings = {
				ALWAYS_SEARCH_USER_PATHS = NO;
				CLANG_ANALYZER_NONNULL = YES;
				CLANG_ANALYZER_NUMBER_OBJECT_CONVERSION = YES_AGGRESSIVE;
				CLANG_CXX_LANGUAGE_STANDARD = "gnu++14";
				CLANG_CXX_LIBRARY = "libc++";
				CLANG_ENABLE_MODULES = YES;
				CLANG_ENABLE_OBJC_ARC = YES;
				CLANG_ENABLE_OBJC_WEAK = YES;
				CLANG_WARN_BLOCK_CAPTURE_AUTORELEASING = YES;
				CLANG_WARN_BOOL_CONVERSION = YES;
				CLANG_WARN_COMMA = YES;
				CLANG_WARN_CONSTANT_CONVERSION = YES;
				CLANG_WARN_DEPRECATED_OBJC_IMPLEMENTATIONS = YES;
				CLANG_WARN_DIRECT_OBJC_ISA_USAGE = YES_ERROR;
				CLANG_WARN_DOCUMENTATION_COMMENTS = YES;
				CLANG_WARN_EMPTY_BODY = YES;
				CLANG_WARN_ENUM_CONVERSION = YES;
				CLANG_WARN_INFINITE_RECURSION = YES;
				CLANG_WARN_INT_CONVERSION = YES;
				CLANG_WARN_NON_LITERAL_NULL_CONVERSION = YES;
				CLANG_WARN_OBJC_IMPLICIT_RETAIN_SELF = YES;
				CLANG_WARN_OBJC_LITERAL_CONVERSION = YES;
				CLANG_WARN_OBJC_ROOT_CLASS = YES_ERROR;
				CLANG_WARN_RANGE_LOOP_ANALYSIS = YES;
				CLANG_WARN_STRICT_PROTOTYPES = YES;
				CLANG_WARN_SUSPICIOUS_MOVE = YES;
				CLANG_WARN_UNGUARDED_AVAILABILITY = YES_AGGRESSIVE;
				CLANG_WARN_UNREACHABLE_CODE = YES;
				CLANG_WARN__DUPLICATE_METHOD_MATCH = YES;
				CODE_SIGN_IDENTITY = "iPhone Developer";
				COPY_PHASE_STRIP = NO;
				DEBUG_INFORMATION_FORMAT = dwarf;
				ENABLE_STRICT_OBJC_MSGSEND = YES;
				ENABLE_TESTABILITY = YES;
				GCC_C_LANGUAGE_STANDARD = gnu11;
				GCC_DYNAMIC_NO_PIC = NO;
				GCC_NO_COMMON_BLOCKS = YES;
				GCC_OPTIMIZATION_LEVEL = 0;
				GCC_PREPROCESSOR_DEFINITIONS = (
					"DEBUG=1",
					"$(inherited)",
				);
				GCC_WARN_64_TO_32_BIT_CONVERSION = YES;
				GCC_WARN_ABOUT_RETURN_TYPE = YES_ERROR;
				GCC_WARN_UNDECLARED_SELECTOR = YES;
				GCC_WARN_UNINITIALIZED_AUTOS = YES_AGGRESSIVE;
				GCC_WARN_UNUSED_FUNCTION = YES;
				GCC_WARN_UNUSED_VARIABLE = YES;
				IPHONEOS_DEPLOYMENT_TARGET = 11.4;
				MTL_ENABLE_DEBUG_INFO = YES;
				ONLY_ACTIVE_ARCH = YES;
				SDKROOT = iphoneos;
				SWIFT_ACTIVE_COMPILATION_CONDITIONS = DEBUG;
				SWIFT_OPTIMIZATION_LEVEL = "-Onone";
			};
			name = Debug;
		};
		BFB6E4A7211BF9B900404C2E /* Release */ = {
			isa = XCBuildConfiguration;
			buildSettings = {
				ALWAYS_SEARCH_USER_PATHS = NO;
				CLANG_ANALYZER_NONNULL = YES;
				CLANG_ANALYZER_NUMBER_OBJECT_CONVERSION = YES_AGGRESSIVE;
				CLANG_CXX_LANGUAGE_STANDARD = "gnu++14";
				CLANG_CXX_LIBRARY = "libc++";
				CLANG_ENABLE_MODULES = YES;
				CLANG_ENABLE_OBJC_ARC = YES;
				CLANG_ENABLE_OBJC_WEAK = YES;
				CLANG_WARN_BLOCK_CAPTURE_AUTORELEASING = YES;
				CLANG_WARN_BOOL_CONVERSION = YES;
				CLANG_WARN_COMMA = YES;
				CLANG_WARN_CONSTANT_CONVERSION = YES;
				CLANG_WARN_DEPRECATED_OBJC_IMPLEMENTATIONS = YES;
				CLANG_WARN_DIRECT_OBJC_ISA_USAGE = YES_ERROR;
				CLANG_WARN_DOCUMENTATION_COMMENTS = YES;
				CLANG_WARN_EMPTY_BODY = YES;
				CLANG_WARN_ENUM_CONVERSION = YES;
				CLANG_WARN_INFINITE_RECURSION = YES;
				CLANG_WARN_INT_CONVERSION = YES;
				CLANG_WARN_NON_LITERAL_NULL_CONVERSION = YES;
				CLANG_WARN_OBJC_IMPLICIT_RETAIN_SELF = YES;
				CLANG_WARN_OBJC_LITERAL_CONVERSION = YES;
				CLANG_WARN_OBJC_ROOT_CLASS = YES_ERROR;
				CLANG_WARN_RANGE_LOOP_ANALYSIS = YES;
				CLANG_WARN_STRICT_PROTOTYPES = YES;
				CLANG_WARN_SUSPICIOUS_MOVE = YES;
				CLANG_WARN_UNGUARDED_AVAILABILITY = YES_AGGRESSIVE;
				CLANG_WARN_UNREACHABLE_CODE = YES;
				CLANG_WARN__DUPLICATE_METHOD_MATCH = YES;
				CODE_SIGN_IDENTITY = "iPhone Developer";
				COPY_PHASE_STRIP = NO;
				DEBUG_INFORMATION_FORMAT = "dwarf-with-dsym";
				ENABLE_NS_ASSERTIONS = NO;
				ENABLE_STRICT_OBJC_MSGSEND = YES;
				GCC_C_LANGUAGE_STANDARD = gnu11;
				GCC_NO_COMMON_BLOCKS = YES;
				GCC_WARN_64_TO_32_BIT_CONVERSION = YES;
				GCC_WARN_ABOUT_RETURN_TYPE = YES_ERROR;
				GCC_WARN_UNDECLARED_SELECTOR = YES;
				GCC_WARN_UNINITIALIZED_AUTOS = YES_AGGRESSIVE;
				GCC_WARN_UNUSED_FUNCTION = YES;
				GCC_WARN_UNUSED_VARIABLE = YES;
				IPHONEOS_DEPLOYMENT_TARGET = 11.4;
				MTL_ENABLE_DEBUG_INFO = NO;
				SDKROOT = iphoneos;
				SWIFT_COMPILATION_MODE = wholemodule;
				SWIFT_OPTIMIZATION_LEVEL = "-O";
				VALIDATE_PRODUCT = YES;
			};
			name = Release;
		};
		BFB6E4A9211BF9B900404C2E /* Debug */ = {
			isa = XCBuildConfiguration;
			baseConfigurationReference = 8C5BACB3296E1C76FAD21DEC /* Pods-Project2.debug.xcconfig */;
			buildSettings = {
				ASSETCATALOG_COMPILER_APPICON_NAME = AppIcon;
				CODE_SIGN_STYLE = Automatic;
				DEVELOPMENT_TEAM = R3FWJUGAS6;
				INFOPLIST_FILE = Project2/Info.plist;
				LD_RUNPATH_SEARCH_PATHS = (
					"$(inherited)",
					"@executable_path/Frameworks",
				);
				PRODUCT_BUNDLE_IDENTIFIER = IOS.Project2;
				PRODUCT_NAME = "$(TARGET_NAME)";
				SWIFT_VERSION = 4.0;
				TARGETED_DEVICE_FAMILY = "1,2";
			};
			name = Debug;
		};
		BFB6E4AA211BF9B900404C2E /* Release */ = {
			isa = XCBuildConfiguration;
			baseConfigurationReference = FBE29137E3E4D97876435CF3 /* Pods-Project2.release.xcconfig */;
			buildSettings = {
				ASSETCATALOG_COMPILER_APPICON_NAME = AppIcon;
				CODE_SIGN_STYLE = Automatic;
				DEVELOPMENT_TEAM = R3FWJUGAS6;
				INFOPLIST_FILE = Project2/Info.plist;
				LD_RUNPATH_SEARCH_PATHS = (
					"$(inherited)",
					"@executable_path/Frameworks",
				);
				PRODUCT_BUNDLE_IDENTIFIER = IOS.Project2;
				PRODUCT_NAME = "$(TARGET_NAME)";
				SWIFT_VERSION = 4.0;
				TARGETED_DEVICE_FAMILY = "1,2";
			};
			name = Release;
		};
/* End XCBuildConfiguration section */

/* Begin XCConfigurationList section */
		BFB6E48E211BF9B300404C2E /* Build configuration list for PBXProject "Project2" */ = {
			isa = XCConfigurationList;
			buildConfigurations = (
				BFB6E4A6211BF9B900404C2E /* Debug */,
				BFB6E4A7211BF9B900404C2E /* Release */,
			);
			defaultConfigurationIsVisible = 0;
			defaultConfigurationName = Release;
		};
		BFB6E4A8211BF9B900404C2E /* Build configuration list for PBXNativeTarget "Project2" */ = {
			isa = XCConfigurationList;
			buildConfigurations = (
				BFB6E4A9211BF9B900404C2E /* Debug */,
				BFB6E4AA211BF9B900404C2E /* Release */,
			);
			defaultConfigurationIsVisible = 0;
			defaultConfigurationName = Release;
		};
/* End XCConfigurationList section */

/* Begin XCVersionGroup section */
		BFB6E49D211BF9B400404C2E /* Project2.xcdatamodeld */ = {
			isa = XCVersionGroup;
			children = (
				BFB6E49E211BF9B400404C2E /* Project2.xcdatamodel */,
			);
			currentVersion = BFB6E49E211BF9B400404C2E /* Project2.xcdatamodel */;
			path = Project2.xcdatamodeld;
			sourceTree = "<group>";
			versionGroupType = wrapper.xcdatamodel;
		};
/* End XCVersionGroup section */
	};
	rootObject = BFB6E48B211BF9B300404C2E /* Project object */;
}
